
Microsoft Visual Studio Solution File, Format Version 12.00
# Visual Studio Version 17
VisualStudioVersion = 17.11.35312.102
MinimumVisualStudioVersion = 10.0.40219.1
Project("{FAE04EC0-301F-11D3-BF4B-00C04F79EFBC}") = "APIBanco", "APIBanco\APIBanco.csproj", "{CF2A47AF-1656-4658-B404-0CDA7004CDDD}"
EndProject
Global
	GlobalSection(SolutionConfigurationPlatforms) = preSolution
		Debug|Any CPU = Debug|Any CPU
		Release|Any CPU = Release|Any CPU
	EndGlobalSection
	GlobalSection(ProjectConfigurationPlatforms) = postSolution
		{CF2A47AF-1656-4658-B404-0CDA7004CDDD}.Debug|Any CPU.ActiveCfg = Debug|Any CPU
		{CF2A47AF-1656-4658-B404-0CDA7004CDDD}.Debug|Any CPU.Build.0 = Debug|Any CPU
		{CF2A47AF-1656-4658-B404-0CDA7004CDDD}.Release|Any CPU.ActiveCfg = Release|Any CPU
		{CF2A47AF-1656-4658-B404-0CDA7004CDDD}.Release|Any CPU.Build.0 = Release|Any CPU
	EndGlobalSection
	GlobalSection(SolutionProperties) = preSolution
		HideSolutionNode = FALSE
	EndGlobalSection
	GlobalSection(ExtensibilityGlobals) = postSolution
		SolutionGuid = {417525D4-E886-4ED3-BE91-6F22BA6ACC3E}
	EndGlobalSection
EndGlobal
